
Microsoft Visual Studio Solution File, Format Version 12.00
# Visual Studio Version 16
VisualStudioVersion = 16.0.30523.141
MinimumVisualStudioVersion = 10.0.40219.1
Project("{FAE04EC0-301F-11D3-BF4B-00C04F79EFBC}") = "ProductsAPI", "ProductsAPI\ProductsAPI.csproj", "{2AC4F571-BFBB-44FD-893D-C7D00A747FCE}"
EndProject
Project("{FAE04EC0-301F-11D3-BF4B-00C04F79EFBC}") = "ProductsDatabaseAPI", "ProductsDatabaseAPI\ProductsDatabaseAPI.csproj", "{F7235CBE-459D-435B-A1FB-BE48C538F7E0}"
EndProject
Global
	GlobalSection(SolutionConfigurationPlatforms) = preSolution
		Debug|Any CPU = Debug|Any CPU
		Release|Any CPU = Release|Any CPU
	EndGlobalSection
	GlobalSection(ProjectConfigurationPlatforms) = postSolution
		{2AC4F571-BFBB-44FD-893D-C7D00A747FCE}.Debug|Any CPU.ActiveCfg = Debug|Any CPU
		{2AC4F571-BFBB-44FD-893D-C7D00A747FCE}.Debug|Any CPU.Build.0 = Debug|Any CPU
		{2AC4F571-BFBB-44FD-893D-C7D00A747FCE}.Release|Any CPU.ActiveCfg = Release|Any CPU
		{2AC4F571-BFBB-44FD-893D-C7D00A747FCE}.Release|Any CPU.Build.0 = Release|Any CPU
		{F7235CBE-459D-435B-A1FB-BE48C538F7E0}.Debug|Any CPU.ActiveCfg = Debug|Any CPU
		{F7235CBE-459D-435B-A1FB-BE48C538F7E0}.Debug|Any CPU.Build.0 = Debug|Any CPU
		{F7235CBE-459D-435B-A1FB-BE48C538F7E0}.Release|Any CPU.ActiveCfg = Release|Any CPU
		{F7235CBE-459D-435B-A1FB-BE48C538F7E0}.Release|Any CPU.Build.0 = Release|Any CPU
	EndGlobalSection
	GlobalSection(SolutionProperties) = preSolution
		HideSolutionNode = FALSE
	EndGlobalSection
	GlobalSection(ExtensibilityGlobals) = postSolution
		SolutionGuid = {3FD495BC-38CE-47C2-A81C-FAE8D72CE198}
	EndGlobalSection
EndGlobal
